lockfileVersion: 5.3

specifiers:
  '@swc/core': ^1.2.160

dependencies:
  '@swc/core': 1.2.160

packages:

  /@swc/core-android-arm-eabi/1.2.160:
    resolution: {integrity: sha512-VzFP7tYgvpkUhd8wgyNtERqvoPBBDretyMFxAxPe2SxClaBs9Ka95PdiPPZalRq+vFCb/dFxD8Vhz+XO16Kpjg==}
    engines: {node: '>=10'}
    cpu: [arm]
    os: [android]
    requiresBuild: true
    dev: false
    optional: true

  /@swc/core-android-arm64/1.2.160:
    resolution: {integrity: sha512-m+xqQaa7TqW3Vm9MUvITtdU8OlAc/9yT+TgOS4l8WlfFI87IDnLLfinKKEp+xfKwzYDdIsh+sC+jdGdIBTMB+Q==}
    engines: {node: '>=10'}
    cpu: [arm64]
    os: [android]
    requiresBuild: true
    dev: false
    optional: true

  /@swc/core-darwin-arm64/1.2.160:
    resolution: {integrity: sha512-9bG70KYKvjNf7tZtjOu1h4kDZPtoidZptIXPGSHuUgJ1BbSJYpfRR5xAmq4k37+GqOjIPJp4+lSGQPa2HfejpA==}
    engines: {node: '>=10'}
    cpu: [arm64]
    os: [darwin]
    requiresBuild: true
    dev: false
    optional: true

  /@swc/core-darwin-x64/1.2.160:
    resolution: {integrity: sha512-+b4HdKAVf/XPZ9DjgG2axGLbquPEuYwEP3zeWgbWn0s0FYQ7WTFxznf3YrTJE9MYadJeCOs3U80E2xVAtRRS9Q==}
    engines: {node: '>=10'}
    cpu: [x64]
    os: [darwin]
    requiresBuild: true
    dev: false
    optional: true

  /@swc/core-freebsd-x64/1.2.160:
    resolution: {integrity: sha512-E5agJwv+RVMoZ8FQIPSO5wLPDQx6jqcMpV207EB3pPaxPWGe4n3DH3vcibHp80RACDNdiaqo5lBeBnGJI4ithw==}
    engines: {node: '>=10'}
    cpu: [x64]
    os: [freebsd]
    requiresBuild: true
    dev: false
    optional: true

  /@swc/core-linux-arm-gnueabihf/1.2.160:
    resolution: {integrity: sha512-uCttZRNx+lWVhCYGC6/pGUej08g1SQc5am6R9NVFh111goytcdlPnC4jV8oWzq2QhDWkkKxLoP2CZOytzI4+0w==}
    engines: {node: '>=10'}
    cpu: [arm]
    os: [linux]
    requiresBuild: true
    dev: false
    optional: true

  /@swc/core-linux-arm64-gnu/1.2.160:
    resolution: {integrity: sha512-sB18roiv8m/zsY6tXLSrbUls0eKkSkxOEF0ennXVEtz97rMJ+WWnkOc8gI+rUpj3MHbVAIxyDNyyZU4cH5g1jQ==}
    engines: {node: '>=10'}
    cpu: [arm64]
    os: [linux]
    requiresBuild: true
    dev: false
    optional: true

  /@swc/core-linux-arm64-musl/1.2.160:
    resolution: {integrity: sha512-PJ7Ukb+BRR3pGYcUag8qRWOB11eByc5YLx/xAMSc3bRmaYW/oj6s8k+1DYiR//BAuNQdf14MpMFzDuWiDEUh7A==}
    engines: {node: '>=10'}
    cpu: [arm64]
    os: [linux]
    requiresBuild: true
    dev: false
    optional: true

  /@swc/core-linux-x64-gnu/1.2.160:
    resolution: {integrity: sha512-wVh8Q86xz3t0y5zoUryWQ64bFG/YxdcykBgaog8lU9xkFb1KSqVRE9ia7aKA12/ZtAfpJZLRBleZxBAcaCg9FQ==}
    engines: {node: '>=10'}
    cpu: [x64]
    os: [linux]
    requiresBuild: true
    dev: false
    optional: true

  /@swc/core-linux-x64-musl/1.2.160:
    resolution: {integrity: sha512-AnWdarl9WWuDdbc2AX1w76W1jaekSCokxRrWdSGUgQytaZRtybKZEgThvJCQDrSlYQD4XDOhhVRCurTvy4JsfQ==}
    engines: {node: '>=10'}
    cpu: [x64]
    os: [linux]
    requiresBuild: true
    dev: false
    optional: true

  /@swc/core-win32-arm64-msvc/1.2.160:
    resolution: {integrity: sha512-ScL27mZRTwEIqBIv9RY34nQvyBvhosiM5Lus4dCFmS71flPcAEv7hJgy4GE3YUQV0ryGNK9NaO43H8sAyNwKVQ==}
    engines: {node: '>=10'}
    cpu: [arm64]
    os: [win32]
    requiresBuild: true
    dev: false
    optional: true

  /@swc/core-win32-ia32-msvc/1.2.160:
    resolution: {integrity: sha512-e75zbWlhlyrd5HdrYzELa6OlZxgyaVpJj+c9xMD95HcdklVbmsyt1vuqRxMyqaZUDLyehwwCDRX/ZeDme//M/A==}
    engines: {node: '>=10'}
    cpu: [ia32]
    os: [win32]
    requiresBuild: true
    dev: false
    optional: true

  /@swc/core-win32-x64-msvc/1.2.160:
    resolution: {integrity: sha512-GAYT+WzYQY4sr17S21yJh4flJp/sQ62mAs6RfN89p7jIWgm0Bl/SooRl6ocsftTlnZm7K7QC8zmQVeNCWDCLPw==}
    engines: {node: '>=10'}
    cpu: [x64]
    os: [win32]
    requiresBuild: true
    dev: false
    optional: true

  /@swc/core/1.2.160:
    resolution: {integrity: sha512-nXoC7HA+aY7AtBPsiqGXocoRLAzzA7MV+InWQtILN7Uru4hB9+rLnLCPc3zSdg7pgnxJLa1tHup1Rz7Vv6TcIQ==}
    engines: {node: '>=10'}
    hasBin: true
    optionalDependencies:
      '@swc/core-android-arm-eabi': 1.2.160
      '@swc/core-android-arm64': 1.2.160
      '@swc/core-darwin-arm64': 1.2.160
      '@swc/core-darwin-x64': 1.2.160
      '@swc/core-freebsd-x64': 1.2.160
      '@swc/core-linux-arm-gnueabihf': 1.2.160
      '@swc/core-linux-arm64-gnu': 1.2.160
      '@swc/core-linux-arm64-musl': 1.2.160
      '@swc/core-linux-x64-gnu': 1.2.160
      '@swc/core-linux-x64-musl': 1.2.160
      '@swc/core-win32-arm64-msvc': 1.2.160
      '@swc/core-win32-ia32-msvc': 1.2.160
      '@swc/core-win32-x64-msvc': 1.2.160
    dev: false
